
Microsoft Visual Studio Solution File, Format Version 12.00
# Visual Studio Version 16
VisualStudioVersion = 16.0.31624.102
MinimumVisualStudioVersion = 10.0.40219.1
Project("{FAE04EC0-301F-11D3-BF4B-00C04F79EFBC}") = "ArmTemplates", "ArmTemplates\ArmTemplates.csproj", "{09B66DBB-B253-4019-822D-8FBDDFC54E3E}"
EndProject
Project("{151D2E53-A2C4-4D7D-83FE-D05416EBD58E}") = "ArmTemplates.Templates", "ArmTemplates.Templates\ArmTemplates.Templates.deployproj", "{42E38B0E-3F2C-41D7-8C51-A13D3BC10CE2}"
EndProject
Global
	GlobalSection(SolutionConfigurationPlatforms) = preSolution
		Debug|Any CPU = Debug|Any CPU
		Release|Any CPU = Release|Any CPU
	EndGlobalSection
	GlobalSection(ProjectConfigurationPlatforms) = postSolution
		{09B66DBB-B253-4019-822D-8FBDDFC54E3E}.Debug|Any CPU.ActiveCfg = Debug|Any CPU
		{09B66DBB-B253-4019-822D-8FBDDFC54E3E}.Debug|Any CPU.Build.0 = Debug|Any CPU
		{09B66DBB-B253-4019-822D-8FBDDFC54E3E}.Release|Any CPU.ActiveCfg = Release|Any CPU
		{09B66DBB-B253-4019-822D-8FBDDFC54E3E}.Release|Any CPU.Build.0 = Release|Any CPU
		{42E38B0E-3F2C-41D7-8C51-A13D3BC10CE2}.Debug|Any CPU.ActiveCfg = Debug|Any CPU
		{42E38B0E-3F2C-41D7-8C51-A13D3BC10CE2}.Debug|Any CPU.Build.0 = Debug|Any CPU
		{42E38B0E-3F2C-41D7-8C51-A13D3BC10CE2}.Release|Any CPU.ActiveCfg = Release|Any CPU
		{42E38B0E-3F2C-41D7-8C51-A13D3BC10CE2}.Release|Any CPU.Build.0 = Release|Any CPU
	EndGlobalSection
	GlobalSection(SolutionProperties) = preSolution
		HideSolutionNode = FALSE
	EndGlobalSection
	GlobalSection(ExtensibilityGlobals) = postSolution
		SolutionGuid = {2ECB9591-2FC0-4CEF-A95D-46519925FAD5}
	EndGlobalSection
EndGlobal
